
Microsoft Visual Studio Solution File, Format Version 12.00
# Visual Studio Version 17
VisualStudioVersion = 17.14.36429.23
MinimumVisualStudioVersion = 10.0.40219.1
Project("{2150E333-8FDC-42A3-9474-1A3956D46DE8}") = "Task2", "Task2", "{21390ABD-C9A3-47EE-86A2-52BA780450B4}"
EndProject
Project("{FAE04EC0-301F-11D3-BF4B-00C04F79EFBC}") = "Tyuiu.BatogovRK.Sprint1.Task2.V14", "Tyuiu.BatogovRK.Sprint1.Task2.V14\Tyuiu.BatogovRK.Sprint1.Task2.V14.csproj", "{9569E06B-1E13-4A94-8BD1-D9EAE6E65492}"
EndProject
Project("{FAE04EC0-301F-11D3-BF4B-00C04F79EFBC}") = "Tyuiu.BatogovRK.Sprint1.Task2.V14.Lib", "Tyuiu.BatogovRK.Sprint1.Task2.V14.Lib\Tyuiu.BatogovRK.Sprint1.Task2.V14.Lib.csproj", "{28BE813E-5595-461A-8F14-0F7497CC4C28}"
EndProject
Project("{FAE04EC0-301F-11D3-BF4B-00C04F79EFBC}") = "Tyuiu.BatogovRK.Sprint1.Task2.V14.Test", "Tyuiu.BatogovRK.Sprint1.Task2.V14.Test\Tyuiu.BatogovRK.Sprint1.Task2.V14.Test.csproj", "{284B0F94-A2BA-4168-ACDE-403D0DB461A9}"
EndProject
Project("{2150E333-8FDC-42A3-9474-1A3956D46DE8}") = "Task1", "Task1", "{DD552A4A-ED70-4BC9-910E-ACD75A37AB18}"
EndProject
Project("{FAE04EC0-301F-11D3-BF4B-00C04F79EFBC}") = "Tyuiu.BatogovRK.Sprint1.Task1.V18", "Tyuiu.BatogovRK.Sprint1.Task1.V18\Tyuiu.BatogovRK.Sprint1.Task1.V18.csproj", "{EDE1AA96-B662-40F4-848B-18AE403E8C90}"
EndProject
Project("{FAE04EC0-301F-11D3-BF4B-00C04F79EFBC}") = "Tyuiu.BatogovRK.Sprint1.Task1.V18.Lib", "Tyuiu.BatogovRK.Sprint1.Task1.V18.Lib\Tyuiu.BatogovRK.Sprint1.Task1.V18.Lib.csproj", "{BB76838E-1C33-43F0-A428-2EE1123F4AD8}"
EndProject
Project("{FAE04EC0-301F-11D3-BF4B-00C04F79EFBC}") = "Tyuiu.BatogovRK.Sprint1.Task1.V18.Test", "Tyuiu.BatogovRK.Sprint1.Task1.V18.Test\Tyuiu.BatogovRK.Sprint1.Task1.V18.Test.csproj", "{C86E6209-A49F-47AC-BDAC-1B3F9907CECA}"
EndProject
Global
	GlobalSection(SolutionConfigurationPlatforms) = preSolution
		Debug|Any CPU = Debug|Any CPU
		Release|Any CPU = Release|Any CPU
	EndGlobalSection
	GlobalSection(ProjectConfigurationPlatforms) = postSolution
		{9569E06B-1E13-4A94-8BD1-D9EAE6E65492}.Debug|Any CPU.ActiveCfg = Debug|Any CPU
		{9569E06B-1E13-4A94-8BD1-D9EAE6E65492}.Debug|Any CPU.Build.0 = Debug|Any CPU
		{9569E06B-1E13-4A94-8BD1-D9EAE6E65492}.Release|Any CPU.ActiveCfg = Release|Any CPU
		{9569E06B-1E13-4A94-8BD1-D9EAE6E65492}.Release|Any CPU.Build.0 = Release|Any CPU
		{28BE813E-5595-461A-8F14-0F7497CC4C28}.Debug|Any CPU.ActiveCfg = Debug|Any CPU
		{28BE813E-5595-461A-8F14-0F7497CC4C28}.Debug|Any CPU.Build.0 = Debug|Any CPU
		{28BE813E-5595-461A-8F14-0F7497CC4C28}.Release|Any CPU.ActiveCfg = Release|Any CPU
		{28BE813E-5595-461A-8F14-0F7497CC4C28}.Release|Any CPU.Build.0 = Release|Any CPU
		{284B0F94-A2BA-4168-ACDE-403D0DB461A9}.Debug|Any CPU.ActiveCfg = Debug|Any CPU
		{284B0F94-A2BA-4168-ACDE-403D0DB461A9}.Debug|Any CPU.Build.0 = Debug|Any CPU
		{284B0F94-A2BA-4168-ACDE-403D0DB461A9}.Release|Any CPU.ActiveCfg = Release|Any CPU
		{284B0F94-A2BA-4168-ACDE-403D0DB461A9}.Release|Any CPU.Build.0 = Release|Any CPU
		{EDE1AA96-B662-40F4-848B-18AE403E8C90}.Debug|Any CPU.ActiveCfg = Debug|Any CPU
		{EDE1AA96-B662-40F4-848B-18AE403E8C90}.Debug|Any CPU.Build.0 = Debug|Any CPU
		{EDE1AA96-B662-40F4-848B-18AE403E8C90}.Release|Any CPU.ActiveCfg = Release|Any CPU
		{EDE1AA96-B662-40F4-848B-18AE403E8C90}.Release|Any CPU.Build.0 = Release|Any CPU
		{BB76838E-1C33-43F0-A428-2EE1123F4AD8}.Debug|Any CPU.ActiveCfg = Debug|Any CPU
		{BB76838E-1C33-43F0-A428-2EE1123F4AD8}.Debug|Any CPU.Build.0 = Debug|Any CPU
		{BB76838E-1C33-43F0-A428-2EE1123F4AD8}.Release|Any CPU.ActiveCfg = Release|Any CPU
		{BB76838E-1C33-43F0-A428-2EE1123F4AD8}.Release|Any CPU.Build.0 = Release|Any CPU
		{C86E6209-A49F-47AC-BDAC-1B3F9907CECA}.Debug|Any CPU.ActiveCfg = Debug|Any CPU
		{C86E6209-A49F-47AC-BDAC-1B3F9907CECA}.Debug|Any CPU.Build.0 = Debug|Any CPU
		{C86E6209-A49F-47AC-BDAC-1B3F9907CECA}.Release|Any CPU.ActiveCfg = Release|Any CPU
		{C86E6209-A49F-47AC-BDAC-1B3F9907CECA}.Release|Any CPU.Build.0 = Release|Any CPU
	EndGlobalSection
	GlobalSection(SolutionProperties) = preSolution
		HideSolutionNode = FALSE
	EndGlobalSection
	GlobalSection(NestedProjects) = preSolution
		{9569E06B-1E13-4A94-8BD1-D9EAE6E65492} = {21390ABD-C9A3-47EE-86A2-52BA780450B4}
		{28BE813E-5595-461A-8F14-0F7497CC4C28} = {21390ABD-C9A3-47EE-86A2-52BA780450B4}
		{284B0F94-A2BA-4168-ACDE-403D0DB461A9} = {21390ABD-C9A3-47EE-86A2-52BA780450B4}
		{EDE1AA96-B662-40F4-848B-18AE403E8C90} = {DD552A4A-ED70-4BC9-910E-ACD75A37AB18}
		{BB76838E-1C33-43F0-A428-2EE1123F4AD8} = {DD552A4A-ED70-4BC9-910E-ACD75A37AB18}
		{C86E6209-A49F-47AC-BDAC-1B3F9907CECA} = {DD552A4A-ED70-4BC9-910E-ACD75A37AB18}
	EndGlobalSection
	GlobalSection(ExtensibilityGlobals) = postSolution
		SolutionGuid = {CEE356AD-7C30-4272-AAA4-1FC0C4351251}
	EndGlobalSection
EndGlobal
